
Microsoft Visual Studio Solution File, Format Version 12.00
# Visual Studio 15
VisualStudioVersion = 15.0.27130.2024
MinimumVisualStudioVersion = 10.0.40219.1
Project("{FAE04EC0-301F-11D3-BF4B-00C04F79EFBC}") = "PruebaMOPC", "PruebaMOPC\PruebaMOPC.csproj", "{D037B761-2034-4503-9F8E-4EEEF347639E}"
EndProject
Global
	GlobalSection(SolutionConfigurationPlatforms) = preSolution
		Debug|Any CPU = Debug|Any CPU
		Release|Any CPU = Release|Any CPU
	EndGlobalSection
	GlobalSection(ProjectConfigurationPlatforms) = postSolution
		{D037B761-2034-4503-9F8E-4EEEF347639E}.Debug|Any CPU.ActiveCfg = Debug|Any CPU
		{D037B761-2034-4503-9F8E-4EEEF347639E}.Debug|Any CPU.Build.0 = Debug|Any CPU
		{D037B761-2034-4503-9F8E-4EEEF347639E}.Release|Any CPU.ActiveCfg = Release|Any CPU
		{D037B761-2034-4503-9F8E-4EEEF347639E}.Release|Any CPU.Build.0 = Release|Any CPU
	EndGlobalSection
	GlobalSection(SolutionProperties) = preSolution
		HideSolutionNode = FALSE
	EndGlobalSection
	GlobalSection(ExtensibilityGlobals) = postSolution
		SolutionGuid = {65721CBA-C405-43B8-88FE-4BF252B04004}
	EndGlobalSection
EndGlobal
